
Microsoft Visual Studio Solution File, Format Version 12.00
# Visual Studio Version 17
VisualStudioVersion = 17.0.31903.59
MinimumVisualStudioVersion = 10.0.40219.1
Project("{2150E333-8FDC-42A3-9474-1A3956D46DE8}") = "src", "src", "{4E6D73CC-AA29-423B-9410-8C4CACBE3B64}"
EndProject
Project("{FAE04EC0-301F-11D3-BF4B-00C04F79EFBC}") = "Library", "src\Library\Library.csproj", "{53807221-FD85-4B67-91E6-3DA6D1684F5A}"
EndProject
Project("{FAE04EC0-301F-11D3-BF4B-00C04F79EFBC}") = "Program", "src\Program\Program.csproj", "{01CAAA80-9391-41C7-9052-A0C872EF4A14}"
EndProject
Project("{2150E333-8FDC-42A3-9474-1A3956D46DE8}") = "test", "test", "{B7D517B3-7181-4D1B-A585-245E6B0FBDC8}"
EndProject
Project("{FAE04EC0-301F-11D3-BF4B-00C04F79EFBC}") = "Library.Tests", "test\Library.Tests\Library.Tests.csproj", "{2C3E5E2B-4E3D-4D9E-B02D-E0907E5E55C8}"
EndProject
Global
	GlobalSection(SolutionConfigurationPlatforms) = preSolution
		Debug|Any CPU = Debug|Any CPU
		Release|Any CPU = Release|Any CPU
	EndGlobalSection
	GlobalSection(SolutionProperties) = preSolution
		HideSolutionNode = FALSE
	EndGlobalSection
	GlobalSection(ProjectConfigurationPlatforms) = postSolution
		{53807221-FD85-4B67-91E6-3DA6D1684F5A}.Debug|Any CPU.ActiveCfg = Debug|Any CPU
		{53807221-FD85-4B67-91E6-3DA6D1684F5A}.Debug|Any CPU.Build.0 = Debug|Any CPU
		{53807221-FD85-4B67-91E6-3DA6D1684F5A}.Release|Any CPU.ActiveCfg = Release|Any CPU
		{53807221-FD85-4B67-91E6-3DA6D1684F5A}.Release|Any CPU.Build.0 = Release|Any CPU
		{01CAAA80-9391-41C7-9052-A0C872EF4A14}.Debug|Any CPU.ActiveCfg = Debug|Any CPU
		{01CAAA80-9391-41C7-9052-A0C872EF4A14}.Debug|Any CPU.Build.0 = Debug|Any CPU
		{01CAAA80-9391-41C7-9052-A0C872EF4A14}.Release|Any CPU.ActiveCfg = Release|Any CPU
		{01CAAA80-9391-41C7-9052-A0C872EF4A14}.Release|Any CPU.Build.0 = Release|Any CPU
		{2C3E5E2B-4E3D-4D9E-B02D-E0907E5E55C8}.Debug|Any CPU.ActiveCfg = Debug|Any CPU
		{2C3E5E2B-4E3D-4D9E-B02D-E0907E5E55C8}.Debug|Any CPU.Build.0 = Debug|Any CPU
		{2C3E5E2B-4E3D-4D9E-B02D-E0907E5E55C8}.Release|Any CPU.ActiveCfg = Release|Any CPU
		{2C3E5E2B-4E3D-4D9E-B02D-E0907E5E55C8}.Release|Any CPU.Build.0 = Release|Any CPU
	EndGlobalSection
	GlobalSection(NestedProjects) = preSolution
		{53807221-FD85-4B67-91E6-3DA6D1684F5A} = {4E6D73CC-AA29-423B-9410-8C4CACBE3B64}
		{01CAAA80-9391-41C7-9052-A0C872EF4A14} = {4E6D73CC-AA29-423B-9410-8C4CACBE3B64}
		{2C3E5E2B-4E3D-4D9E-B02D-E0907E5E55C8} = {B7D517B3-7181-4D1B-A585-245E6B0FBDC8}
	EndGlobalSection
EndGlobal
